<?xml version="1.0" encoding="UTF-8" standalone="yes" ?>
<CodeBlocks_project_file>
	<FileVersion major="1" minor="6" />
	<Project>
		<Option title="GAME" />
		<Option pch_mode="2" />
		<Option compiler="gcc" />
		<Build>
			<Target title="Debug">
				<Option output="bin/Debug/Lesson2" prefix_auto="1" extension_auto="1" />
				<Option object_output="obj/Debug/" />
				<Option type="1" />
				<Option compiler="gcc" />
				<Compiler>
					<Add option="-g" />
					<Add directory="include" />
					<Add directory="Common/inc" />
				</Compiler>
				<Linker>
					<Add library="../Common/lib/libSOIL.a" />
					<Add library="opengl32" />
					<Add library="glu32" />
					<Add library="gdi32" />
					<Add library="../Common/lib/glut32.lib" />
					<Add directory="Common/inc" />
					<Add directory="include" />
				</Linker>
			</Target>
			<Target title="Release">
				<Option output="bin/Release/Lesson2" prefix_auto="1" extension_auto="1" />
				<Option object_output="obj/Release/" />
				<Option type="0" />
				<Option compiler="gcc" />
				<Compiler>
					<Add option="-O2" />
					<Add directory="include" />
					<Add directory="Common/inc" />
				</Compiler>
				<Linker>
					<Add option="-s" />
					<Add library="../Common/lib/libSOIL.a" />
					<Add library="opengl32" />
					<Add library="glu32" />
					<Add library="gdi32" />
					<Add library="../Common/lib/glut32.lib" />
					<Add directory="include" />
					<Add directory="Common/inc" />
				</Linker>
			</Target>
		</Build>
		<Compiler>
			<Add option="-Wall" />
			<Add directory="../Common" />
			<Add directory="include" />
			<Add directory="../Common/include" />
		</Compiler>
		<Linker>
			<Add library="../../Common/lib/glew32s.lib" />
			<Add library="../Common/lib/libSOIL.a" />
			<Add library="opengl32" />
			<Add library="glu32" />
			<Add library="gdi32" />
			<Add library="../Common/lib/glut32.lib" />
			<Add library="../Common/lib/libirrKlang.a" />
			<Add directory="include" />
			<Add directory="Common/inc" />
		</Linker>
		<Unit filename="include/GLScene.h" />
		<Unit filename="include/GLlight.h" />
		<Unit filename="include/Inputs.h" />
		<Unit filename="include/Model.h" />
		<Unit filename="include/Posts.h" />
		<Unit filename="include/Trees.h" />
		<Unit filename="include/enms.h" />
		<Unit filename="include/enms2.h" />
		<Unit filename="include/loadShader.h" />
		<Unit filename="include/parallax.h" />
		<Unit filename="include/player.h" />
		<Unit filename="include/rain.h" />
		<Unit filename="include/sounds.h" />
		<Unit filename="include/textureLoader.h" />
		<Unit filename="include/timer.h" />
		<Unit filename="main.cpp" />
		<Unit filename="src/GLScene.cpp" />
		<Unit filename="src/GLlight.cpp" />
		<Unit filename="src/Inputs.cpp" />
		<Unit filename="src/Model.cpp" />
		<Unit filename="src/Posts.cpp" />
		<Unit filename="src/Trees.cpp" />
		<Unit filename="src/enms.cpp" />
		<Unit filename="src/enms2.cpp" />
		<Unit filename="src/loadShader.cpp" />
		<Unit filename="src/parallax.cpp" />
		<Unit filename="src/player.cpp" />
		<Unit filename="src/rain.cpp" />
		<Unit filename="src/sounds.cpp" />
		<Unit filename="src/textureLoader.cpp" />
		<Unit filename="src/timer.cpp" />
		<Extensions>
			<code_completion />
			<envvars />
			<debugger />
			<lib_finder disable_auto="1" />
		</Extensions>
	</Project>
</CodeBlocks_project_file>
